
Microsoft Visual Studio Solution File, Format Version 12.00
# Visual Studio Version 16
VisualStudioVersion = 16.0.29318.209
MinimumVisualStudioVersion = 10.0.40219.1
Project("{F2A71F9B-5D33-465A-A702-920D77279786}") = "Day1", "Day1\Day1.fsproj", "{055FB1D6-753D-4033-A7E2-D57FB0BA767B}"
EndProject
Global
	GlobalSection(SolutionConfigurationPlatforms) = preSolution
		Debug|Any CPU = Debug|Any CPU
		Release|Any CPU = Release|Any CPU
	EndGlobalSection
	GlobalSection(ProjectConfigurationPlatforms) = postSolution
		{055FB1D6-753D-4033-A7E2-D57FB0BA767B}.Debug|Any CPU.ActiveCfg = Debug|Any CPU
		{055FB1D6-753D-4033-A7E2-D57FB0BA767B}.Debug|Any CPU.Build.0 = Debug|Any CPU
		{055FB1D6-753D-4033-A7E2-D57FB0BA767B}.Release|Any CPU.ActiveCfg = Release|Any CPU
		{055FB1D6-753D-4033-A7E2-D57FB0BA767B}.Release|Any CPU.Build.0 = Release|Any CPU
	EndGlobalSection
	GlobalSection(SolutionProperties) = preSolution
		HideSolutionNode = FALSE
	EndGlobalSection
	GlobalSection(ExtensibilityGlobals) = postSolution
		SolutionGuid = {62C65F90-5738-4DD4-9487-1EF9558ECA83}
	EndGlobalSection
EndGlobal
